
Microsoft Visual Studio Solution File, Format Version 12.00
# Visual Studio Version 17
VisualStudioVersion = 17.6.33829.357
MinimumVisualStudioVersion = 10.0.40219.1
Project("{FAE04EC0-301F-11D3-BF4B-00C04F79EFBC}") = "FastFoodWeb", "FastFoodWeb\FastFoodWeb.csproj", "{AB5DCC16-925F-4683-A29E-6F9444530ACD}"
EndProject
Global
	GlobalSection(SolutionConfigurationPlatforms) = preSolution
		Debug|Any CPU = Debug|Any CPU
		Release|Any CPU = Release|Any CPU
	EndGlobalSection
	GlobalSection(ProjectConfigurationPlatforms) = postSolution
		{AB5DCC16-925F-4683-A29E-6F9444530ACD}.Debug|Any CPU.ActiveCfg = Debug|Any CPU
		{AB5DCC16-925F-4683-A29E-6F9444530ACD}.Debug|Any CPU.Build.0 = Debug|Any CPU
		{AB5DCC16-925F-4683-A29E-6F9444530ACD}.Release|Any CPU.ActiveCfg = Release|Any CPU
		{AB5DCC16-925F-4683-A29E-6F9444530ACD}.Release|Any CPU.Build.0 = Release|Any CPU
	EndGlobalSection
	GlobalSection(SolutionProperties) = preSolution
		HideSolutionNode = FALSE
	EndGlobalSection
	GlobalSection(ExtensibilityGlobals) = postSolution
		SolutionGuid = {9317F69E-A1A9-4342-9A72-30FEC2F4DBC9}
	EndGlobalSection
EndGlobal
